
Microsoft Visual Studio Solution File, Format Version 12.00
# Visual Studio Version 17
VisualStudioVersion = 17.9.34607.119
MinimumVisualStudioVersion = 10.0.40219.1
Project("{FAE04EC0-301F-11D3-BF4B-00C04F79EFBC}") = "prjGuisLogin", "prjGuisLogin\prjGuisLogin.csproj", "{F5C6734E-86E1-4315-8A4F-730194723A14}"
EndProject
Global
	GlobalSection(SolutionConfigurationPlatforms) = preSolution
		Debug|Any CPU = Debug|Any CPU
		Release|Any CPU = Release|Any CPU
	EndGlobalSection
	GlobalSection(ProjectConfigurationPlatforms) = postSolution
		{F5C6734E-86E1-4315-8A4F-730194723A14}.Debug|Any CPU.ActiveCfg = Debug|Any CPU
		{F5C6734E-86E1-4315-8A4F-730194723A14}.Debug|Any CPU.Build.0 = Debug|Any CPU
		{F5C6734E-86E1-4315-8A4F-730194723A14}.Release|Any CPU.ActiveCfg = Release|Any CPU
		{F5C6734E-86E1-4315-8A4F-730194723A14}.Release|Any CPU.Build.0 = Release|Any CPU
	EndGlobalSection
	GlobalSection(SolutionProperties) = preSolution
		HideSolutionNode = FALSE
	EndGlobalSection
	GlobalSection(ExtensibilityGlobals) = postSolution
		SolutionGuid = {EC8869DB-5FE2-48A6-95BE-8E72209F6528}
	EndGlobalSection
EndGlobal
